{
    "_meta": {
        "hash": {
            "sha256": "1a1dd23a05388e6d60fc61d4fb8000de9bf87aa825a17846b2700e29aa6b14b9"
        },
        "pipfile-spec": 6,
        "requires": {
            "python_version": "3.10"
        },
        "sources": [
            {
                "name": "pypi",
                "url": "https://pypi.org/simple",
                "verify_ssl": true
            }
        ]
    },
    "default": {
        "asttokens": {
            "hashes": [
                "sha256:2e0171b991b2c959acc6c49318049236844a5da1d65ba2672c4880c1c894834e",
                "sha256:cf8fc9e61a86461aa9fb161a14a0841a03c405fa829ac6b202670b3495d2ce69"
            ],
            "version": "==2.4.0"
        },
        "backcall": {
            "hashes": [
                "sha256:5cbdbf27be5e7cfadb448baf0aa95508f91f2bbc6c6437cd9cd06e2a4c215e1e",
                "sha256:fbbce6a29f263178a1f7915c1940bde0ec2b2a967566fe1c65c1dfb7422bd255"
            ],
            "version": "==0.2.0"
        },
        "decorator": {
            "hashes": [
                "sha256:637996211036b6385ef91435e4fae22989472f9d571faba8927ba8253acbc330",
                "sha256:b8c3f85900b9dc423225913c5aace94729fe1fa9763b38939a95226f02d37186"
            ],
            "markers": "python_version >= '3.5'",
            "version": "==5.1.1"
        },
        "exceptiongroup": {
            "hashes": [
                "sha256:097acd85d473d75af5bb98e41b61ff7fe35efe6675e4f9370ec6ec5126d160e9",
                "sha256:343280667a4585d195ca1cf9cef84a4e178c4b6cf2274caef9859782b567d5e3"
            ],
            "markers": "python_version < '3.11'",
            "version": "==1.1.3"
        },
        "executing": {
            "hashes": [
                "sha256:06df6183df67389625f4e763921c6cf978944721abf3e714000200aab95b0657",
                "sha256:0ff053696fdeef426cda5bd18eacd94f82c91f49823a2e9090124212ceea9b08"
            ],
            "version": "==2.0.0"
        },
        "faker": {
            "hashes": [
                "sha256:8fba91068dc26e3159c1ac9f22444a2338704b0991d86605322e454bda420092",
                "sha256:d5d5953556b0fb428a46019e03fc2d40eab2980135ddef5a9eb3d054947fdf83"
            ],
            "index": "pypi",
            "version": "==19.6.2"
        },
        "ipython": {
            "hashes": [
                "sha256:0852469d4d579d9cd613c220af7bf0c9cc251813e12be647cb9d463939db9b1e",
                "sha256:ad52f58fca8f9f848e256c629eff888efc0528c12fe0f8ec14f33205f23ef938"
            ],
            "index": "pypi",
            "version": "==8.16.1"
        },
        "jedi": {
            "hashes": [
                "sha256:cf0496f3651bc65d7174ac1b7d043eff454892c708a87d1b683e57b569927ffd",
                "sha256:e983c654fe5c02867aef4cdfce5a2fbb4a50adc0af145f70504238f18ef5e7e0"
            ],
            "markers": "python_version >= '3.6'",
            "version": "==0.19.1"
        },
        "markovify": {
            "hashes": [
                "sha256:eac0a156ed54bb6bede32ef20131813fbec9db70b515ead57b4d8887a16dfe39"
            ],
            "index": "pypi",
            "version": "==0.9.4"
        },
        "matplotlib-inline": {
            "hashes": [
                "sha256:f1f41aab5328aa5aaea9b16d083b128102f8712542f819fe7e6a420ff581b311",
                "sha256:f887e5f10ba98e8d2b150ddcf4702c1e5f8b3a20005eb0f74bfdbd360ee6f304"
            ],
            "markers": "python_version >= '3.5'",
            "version": "==0.1.6"
        },
        "mecab-python3": {
            "hashes": [
                "sha256:2ec8c7a95fd7138019103663d6dd8edb5d48217e8c1a1120ca59400eb704d429",
                "sha256:32edc45b307ece212a9507a229d5fcf3cc2d8a59b6d6c9f322430e72e4a520a5",
                "sha256:3384150a96cc723b9b110eb253d363270a2a97071e2511c8c35d3bbb6b5f821d",
                "sha256:35b5d9f097c00317d99c066f976b4cd690e37428136f37fabd5adcd2b4897b78",
                "sha256:3d67b142997a4dbcfcfa27c50d0796d665ba67b8185311a43364840f7f7f87ba",
                "sha256:4339373325702856e623e9a06435b47f0adbc1eaed8b0c5437f3e78e67ebc2ef",
                "sha256:4a48982540b9113275c2a0154271b685e304092f340de795652d6146e8f7707f",
                "sha256:4ccbcb3418f6218a0e8d9e15bb526a5d84ee1b3d014e8543247f3ea64a4c99b8",
                "sha256:56652649b3948fffa253a2619f12c7c6b02e484c172770595d430a68dfbb1b9d",
                "sha256:5cccf6853a4a2f1c39db404917b429040b327326d3f9930b11ba11b1f182efc0",
                "sha256:613da4a8e6c5c0a0569950eba445fe336181cee05905b6f26806bdda5b884131",
                "sha256:6289053be84250efcddcc637d2fb8089b58a74bb2c6fbe09d3c003019e59c41a",
                "sha256:64eb2ad8b3d77fe2c6c745f4f39ba412e7aa4fcc1affa89861064ce30aaf5eeb",
                "sha256:65866d0fa9214afaddca538311d38a6e8dc71d7fa892139eabfaca9866d7d68e",
                "sha256:70988bab263696456f75d3d8910c75aea477a9d08054ad7ef85be5470dd3f65b",
                "sha256:77f566a0431a8cb15f540f87d44575085d9800e3ad28143ce5085db6dfbdc600",
                "sha256:8df17cb9acf601770c81cd2cde19fdffdce638dbfe14b83c9274358a04a752f6",
                "sha256:98a8716d66df9c4689ba99674a8b6bbe9ac189df2c39c75f59592e83af8ab927",
                "sha256:9fe0c0e106829724c5b9c46c999353280c7924103302ea01b6fdfedc7d644986",
                "sha256:a77786f6afaa25f6ecf27634e2db2d1cc7e549a9a2aa9099f929ec14ddd835c1",
                "sha256:b02f184b5c300d10a7b0a19e9c99684d1b9453709205421008e743347cb4a484",
                "sha256:bac38af07623b01422a58829d3087fc97f76bca529250146309ca64dba90aaa0",
                "sha256:c55d224fd3a7813683aadb8f72d375195d68f3720b0652c396c1012469b81be9",
                "sha256:d4c8fc9954101f9b6bf63eb98e2c7b429ef1b78550d70d0d46b840c6ddf8fe15",
                "sha256:d6df291b4e05194aebc4aca5d3bf83f5d6cbf0c2fb6fa135835c938c107d7632",
                "sha256:dd244b414fcc0afaf2a278610d3a5d9b575c50279724b8340c3871c14e619400",
                "sha256:e0b8490b3c4e4f1434175b76f6599ce1b0144e5982720c9140bb6b2b9f57efa1",
                "sha256:f538ebdd2381b7ff02f0023154783c6558df284879547628c500bee0db7f300f",
                "sha256:f55fbf887f750475ea526c0cb62089384882f4217a58de7cf7e65727e025e07d"
            ],
            "index": "pypi",
            "version": "==1.0.8"
        },
        "parso": {
            "hashes": [
                "sha256:8c07be290bb59f03588915921e29e8a50002acaf2cdc5fa0e0114f91709fafa0",
                "sha256:c001d4636cd3aecdaf33cbb40aebb59b094be2a74c556778ef5576c175e19e75"
            ],
            "markers": "python_version >= '3.6'",
            "version": "==0.8.3"
        },
        "pexpect": {
            "hashes": [
                "sha256:0b48a55dcb3c05f3329815901ea4fc1537514d6ba867a152b581d69ae3710937",
                "sha256:fc65a43959d153d0114afe13997d439c22823a27cefceb5ff35c2178c6784c0c"
            ],
            "markers": "sys_platform != 'win32'",
            "version": "==4.8.0"
        },
        "pickleshare": {
            "hashes": [
                "sha256:87683d47965c1da65cdacaf31c8441d12b8044cdec9aca500cd78fc2c683afca",
                "sha256:9649af414d74d4df115d5d718f82acb59c9d418196b7b4290ed47a12ce62df56"
            ],
            "version": "==0.7.5"
        },
        "prompt-toolkit": {
            "hashes": [
                "sha256:04505ade687dc26dc4284b1ad19a83be2f2afe83e7a828ace0c72f3a1df72aac",
                "sha256:9dffbe1d8acf91e3de75f3b544e4842382fc06c6babe903ac9acb74dc6e08d88"
            ],
            "markers": "python_full_version >= '3.7.0'",
            "version": "==3.0.39"
        },
        "ptyprocess": {
            "hashes": [
                "sha256:4b41f3967fce3af57cc7e94b888626c18bf37a083e3651ca8feeb66d492fef35",
                "sha256:5c5d0a3b48ceee0b48485e0c26037c0acd7d29765ca3fbb5cb3831d347423220"
            ],
            "version": "==0.7.0"
        },
        "pure-eval": {
            "hashes": [
                "sha256:01eaab343580944bc56080ebe0a674b39ec44a945e6d09ba7db3cb8cec289350",
                "sha256:2b45320af6dfaa1750f543d714b6d1c520a1688dec6fd24d339063ce0aaa9ac3"
            ],
            "version": "==0.2.2"
        },
        "pygments": {
            "hashes": [
                "sha256:13fc09fa63bc8d8671a6d247e1eb303c4b343eaee81d861f3404db2935653692",
                "sha256:1daff0494820c69bc8941e407aa20f577374ee88364ee10a98fdbe0aece96e29"
            ],
            "markers": "python_version >= '3.7'",
            "version": "==2.16.1"
        },
        "python-dateutil": {
            "hashes": [
                "sha256:0123cacc1627ae19ddf3c27a5de5bd67ee4586fbdd6440d9748f8abb483d3e86",
                "sha256:961d03dc3453ebbc59dbdea9e4e11c5651520a876d0f4db161e8674aae935da9"
            ],
            "markers": "python_version >= '2.7' and python_version not in '3.0, 3.1, 3.2, 3.3'",
            "version": "==2.8.2"
        },
        "six": {
            "hashes": [
                "sha256:1e61c37477a1626458e36f7b1d82aa5c9b094fa4802892072e49de9c60c4c926",
                "sha256:8abb2f1d86890a2dfb989f9a77cfcfd3e47c2a354b01111771326f8aa26e0254"
            ],
            "markers": "python_version >= '2.7' and python_version not in '3.0, 3.1, 3.2, 3.3'",
            "version": "==1.16.0"
        },
        "stack-data": {
            "hashes": [
                "sha256:836a778de4fec4dcd1dcd89ed8abff8a221f58308462e1c4aa2a3cf30148f0b9",
                "sha256:d5558e0c25a4cb0853cddad3d77da9891a08cb85dd9f9f91b9f8cd66e511e695"
            ],
            "version": "==0.6.3"
        },
        "traitlets": {
            "hashes": [
                "sha256:7564b5bf8d38c40fa45498072bf4dc5e8346eb087bbf1e2ae2d8774f6a0f078e",
                "sha256:98277f247f18b2c5cabaf4af369187754f4fb0e85911d473f72329db8a7f4fae"
            ],
            "markers": "python_version >= '3.8'",
            "version": "==5.11.2"
        },
        "unidecode": {
            "hashes": [
                "sha256:3c90b4662aa0de0cb591884b934ead8d2225f1800d8da675a7750cbc3bd94610",
                "sha256:663a537f506834ed836af26a81b210d90cbde044c47bfbdc0fbbc9f94c86a6e4"
            ],
            "markers": "python_version >= '3.5'",
            "version": "==1.3.7"
        },
        "wcwidth": {
            "hashes": [
                "sha256:77f719e01648ed600dfa5402c347481c0992263b81a027344f3e1ba25493a704",
                "sha256:8705c569999ffbb4f6a87c6d1b80f324bd6db952f5eb0b95bc07517f4c1813d4"
            ],
            "version": "==0.2.8"
        }
    },
    "develop": {}
}
